
Microsoft Visual Studio Solution File, Format Version 12.00
# Visual Studio Version 17
VisualStudioVersion = 17.2.32516.85
MinimumVisualStudioVersion = 10.0.40219.1
Project("{FAE04EC0-301F-11D3-BF4B-00C04F79EFBC}") = "PaginaWeb1", "PaginaWeb1\PaginaWeb1.csproj", "{8DE1A0FF-BBB6-40CD-AD8F-41FBE77D8A66}"
EndProject
Global
	GlobalSection(SolutionConfigurationPlatforms) = preSolution
		Debug|Any CPU = Debug|Any CPU
		Release|Any CPU = Release|Any CPU
	EndGlobalSection
	GlobalSection(ProjectConfigurationPlatforms) = postSolution
		{8DE1A0FF-BBB6-40CD-AD8F-41FBE77D8A66}.Debug|Any CPU.ActiveCfg = Debug|Any CPU
		{8DE1A0FF-BBB6-40CD-AD8F-41FBE77D8A66}.Debug|Any CPU.Build.0 = Debug|Any CPU
		{8DE1A0FF-BBB6-40CD-AD8F-41FBE77D8A66}.Release|Any CPU.ActiveCfg = Release|Any CPU
		{8DE1A0FF-BBB6-40CD-AD8F-41FBE77D8A66}.Release|Any CPU.Build.0 = Release|Any CPU
	EndGlobalSection
	GlobalSection(SolutionProperties) = preSolution
		HideSolutionNode = FALSE
	EndGlobalSection
	GlobalSection(ExtensibilityGlobals) = postSolution
		SolutionGuid = {F0298DAA-A4F1-40E6-BC47-EF7B51C52B0A}
	EndGlobalSection
EndGlobal
